Microsoft Visual Studio Solution File, Format Version 12.00
# Visual Studio Version 17
VisualStudioVersion = 17.0.31903.59
MinimumVisualStudioVersion = 10.0.40219.1
Project("{2150E333-8FDC-42A3-9474-1A3956D46DE8}") = "src", "src", "{827E0CD3-B72D-47B6-A68D-7590B98EB39B}"
EndProject
Project("{FAE04EC0-301F-11D3-BF4B-00C04F79EFBC}") = "MusicoStore.WebApi", "src\MusicoStore.WebApi\MusicoStore.WebApi.csproj", "{02F3950F-597A-474F-B443-1E841780975A}"
EndProject
Project("{FAE04EC0-301F-11D3-BF4B-00C04F79EFBC}") = "MusicoStore.BusinessLayer", "src\MusicoStore.BusinessLayer\MusicoStore.BusinessLayer.csproj", "{2FE93491-111D-4637-A56B-251EBCFACB63}"
EndProject
Project("{FAE04EC0-301F-11D3-BF4B-00C04F79EFBC}") = "MusicoStore.Domain", "src\MusicoStore.Domain\MusicoStore.Domain.csproj", "{B4BCB6D7-B12B-49D0-9164-FDA4EE00879A}"
EndProject
Project("{FAE04EC0-301F-11D3-BF4B-00C04F79EFBC}") = "MusicoStore.Mongo", "src\MusicoStore.Mongo\MusicoStore.Mongo.csproj", "{2F015BAB-B3AD-8B20-3A36-4BF89B3603F4}"
EndProject
Project("{FAE04EC0-301F-11D3-BF4B-00C04F79EFBC}") = "MusicoStore.DataAccessLayer", "src\MusicoStore.DataAccessLayer\MusicoStore.DataAccessLayer.csproj", "{D8B0D605-177F-ADD6-425D-5D01CD9AAC20}"
EndProject

Project("{FAE04EC0-301F-11D3-BF4B-00C04F79EFBC}") = "MusicoStore.WebMVC", "src\MusicoStore.WebMVC\MusicoStore.WebMVC.csproj", "{6F359992-0CFC-40E3-9A58-24BDAF05D43C}"
EndProject
Project("{FAE04EC0-301F-11D3-BF4B-00C04F79EFBC}") = "MusicoStore.Tests", "tests\MusicoStore.Tests\MusicoStore.Tests.csproj", "{CE4760C9-068C-8DBE-4933-3A3862D87EC3}"
EndProject
Project("{2150E333-8FDC-42A3-9474-1A3956D46DE8}") = "tests", "tests", "{02EA681E-C7D8-13C7-8484-4AC65E1B71E8}"
EndProject
Global
	GlobalSection(SolutionConfigurationPlatforms) = preSolution
		Debug|Any CPU = Debug|Any CPU
		Debug|x64 = Debug|x64
		Debug|x86 = Debug|x86
		Release|Any CPU = Release|Any CPU
		Release|x64 = Release|x64
		Release|x86 = Release|x86
	EndGlobalSection
	GlobalSection(ProjectConfigurationPlatforms) = postSolution
		{02F3950F-597A-474F-B443-1E841780975A}.Debug|Any CPU.ActiveCfg = Debug|Any CPU
		{02F3950F-597A-474F-B443-1E841780975A}.Debug|Any CPU.Build.0 = Debug|Any CPU
		{02F3950F-597A-474F-B443-1E841780975A}.Debug|x64.ActiveCfg = Debug|Any CPU
		{02F3950F-597A-474F-B443-1E841780975A}.Debug|x64.Build.0 = Debug|Any CPU
		{02F3950F-597A-474F-B443-1E841780975A}.Debug|x86.ActiveCfg = Debug|Any CPU
		{02F3950F-597A-474F-B443-1E841780975A}.Debug|x86.Build.0 = Debug|Any CPU
		{02F3950F-597A-474F-B443-1E841780975A}.Release|Any CPU.ActiveCfg = Release|Any CPU
		{02F3950F-597A-474F-B443-1E841780975A}.Release|Any CPU.Build.0 = Release|Any CPU
		{02F3950F-597A-474F-B443-1E841780975A}.Release|x64.ActiveCfg = Release|Any CPU
		{02F3950F-597A-474F-B443-1E841780975A}.Release|x64.Build.0 = Release|Any CPU
		{02F3950F-597A-474F-B443-1E841780975A}.Release|x86.ActiveCfg = Release|Any CPU
		{02F3950F-597A-474F-B443-1E841780975A}.Release|x86.Build.0 = Release|Any CPU
		{2FE93491-111D-4637-A56B-251EBCFACB63}.Debug|Any CPU.ActiveCfg = Debug|Any CPU
		{2FE93491-111D-4637-A56B-251EBCFACB63}.Debug|Any CPU.Build.0 = Debug|Any CPU
		{2FE93491-111D-4637-A56B-251EBCFACB63}.Debug|x64.ActiveCfg = Debug|Any CPU
		{2FE93491-111D-4637-A56B-251EBCFACB63}.Debug|x64.Build.0 = Debug|Any CPU
		{2FE93491-111D-4637-A56B-251EBCFACB63}.Debug|x86.ActiveCfg = Debug|Any CPU
		{2FE93491-111D-4637-A56B-251EBCFACB63}.Debug|x86.Build.0 = Debug|Any CPU
		{2FE93491-111D-4637-A56B-251EBCFACB63}.Release|Any CPU.ActiveCfg = Release|Any CPU
		{2FE93491-111D-4637-A56B-251EBCFACB63}.Release|Any CPU.Build.0 = Release|Any CPU
		{2FE93491-111D-4637-A56B-251EBCFACB63}.Release|x64.ActiveCfg = Release|Any CPU
		{2FE93491-111D-4637-A56B-251EBCFACB63}.Release|x64.Build.0 = Release|Any CPU
		{2FE93491-111D-4637-A56B-251EBCFACB63}.Release|x86.ActiveCfg = Release|Any CPU
		{2FE93491-111D-4637-A56B-251EBCFACB63}.Release|x86.Build.0 = Release|Any CPU
		{B4BCB6D7-B12B-49D0-9164-FDA4EE00879A}.Debug|Any CPU.ActiveCfg = Debug|Any CPU
		{B4BCB6D7-B12B-49D0-9164-FDA4EE00879A}.Debug|Any CPU.Build.0 = Debug|Any CPU
		{B4BCB6D7-B12B-49D0-9164-FDA4EE00879A}.Debug|x64.ActiveCfg = Debug|Any CPU
		{B4BCB6D7-B12B-49D0-9164-FDA4EE00879A}.Debug|x64.Build.0 = Debug|Any CPU
		{B4BCB6D7-B12B-49D0-9164-FDA4EE00879A}.Debug|x86.ActiveCfg = Debug|Any CPU
		{B4BCB6D7-B12B-49D0-9164-FDA4EE00879A}.Debug|x86.Build.0 = Debug|Any CPU
		{B4BCB6D7-B12B-49D0-9164-FDA4EE00879A}.Release|Any CPU.ActiveCfg = Release|Any CPU
		{B4BCB6D7-B12B-49D0-9164-FDA4EE00879A}.Release|Any CPU.Build.0 = Release|Any CPU
		{B4BCB6D7-B12B-49D0-9164-FDA4EE00879A}.Release|x64.ActiveCfg = Release|Any CPU
		{B4BCB6D7-B12B-49D0-9164-FDA4EE00879A}.Release|x64.Build.0 = Release|Any CPU
		{B4BCB6D7-B12B-49D0-9164-FDA4EE00879A}.Release|x86.ActiveCfg = Release|Any CPU
		{B4BCB6D7-B12B-49D0-9164-FDA4EE00879A}.Release|x86.Build.0 = Release|Any CPU
		{2F015BAB-B3AD-8B20-3A36-4BF89B3603F4}.Debug|Any CPU.ActiveCfg = Debug|Any CPU
		{2F015BAB-B3AD-8B20-3A36-4BF89B3603F4}.Debug|Any CPU.Build.0 = Debug|Any CPU
		{2F015BAB-B3AD-8B20-3A36-4BF89B3603F4}.Debug|x64.ActiveCfg = Debug|Any CPU
		{2F015BAB-B3AD-8B20-3A36-4BF89B3603F4}.Debug|x64.Build.0 = Debug|Any CPU
		{2F015BAB-B3AD-8B20-3A36-4BF89B3603F4}.Debug|x86.ActiveCfg = Debug|Any CPU
		{2F015BAB-B3AD-8B20-3A36-4BF89B3603F4}.Debug|x86.Build.0 = Debug|Any CPU
		{2F015BAB-B3AD-8B20-3A36-4BF89B3603F4}.Release|Any CPU.ActiveCfg = Release|Any CPU
		{2F015BAB-B3AD-8B20-3A36-4BF89B3603F4}.Release|Any CPU.Build.0 = Release|Any CPU
		{2F015BAB-B3AD-8B20-3A36-4BF89B3603F4}.Release|x64.ActiveCfg = Release|Any CPU
		{2F015BAB-B3AD-8B20-3A36-4BF89B3603F4}.Release|x64.Build.0 = Release|Any CPU
		{2F015BAB-B3AD-8B20-3A36-4BF89B3603F4}.Release|x86.ActiveCfg = Release|Any CPU
		{2F015BAB-B3AD-8B20-3A36-4BF89B3603F4}.Release|x86.Build.0 = Release|Any CPU
		{D8B0D605-177F-ADD6-425D-5D01CD9AAC20}.Debug|Any CPU.ActiveCfg = Debug|Any CPU
		{D8B0D605-177F-ADD6-425D-5D01CD9AAC20}.Debug|Any CPU.Build.0 = Debug|Any CPU
		{D8B0D605-177F-ADD6-425D-5D01CD9AAC20}.Debug|x64.ActiveCfg = Debug|Any CPU
		{D8B0D605-177F-ADD6-425D-5D01CD9AAC20}.Debug|x64.Build.0 = Debug|Any CPU
		{D8B0D605-177F-ADD6-425D-5D01CD9AAC20}.Debug|x86.ActiveCfg = Debug|Any CPU
		{D8B0D605-177F-ADD6-425D-5D01CD9AAC20}.Debug|x86.Build.0 = Debug|Any CPU
		{D8B0D605-177F-ADD6-425D-5D01CD9AAC20}.Release|Any CPU.ActiveCfg = Release|Any CPU
		{D8B0D605-177F-ADD6-425D-5D01CD9AAC20}.Release|Any CPU.Build.0 = Release|Any CPU
		{D8B0D605-177F-ADD6-425D-5D01CD9AAC20}.Release|x64.ActiveCfg = Release|Any CPU
		{D8B0D605-177F-ADD6-425D-5D01CD9AAC20}.Release|x64.Build.0 = Release|Any CPU
		{D8B0D605-177F-ADD6-425D-5D01CD9AAC20}.Release|x86.ActiveCfg = Release|Any CPU
		{D8B0D605-177F-ADD6-425D-5D01CD9AAC20}.Release|x86.Build.0 = Release|Any CPU
		{6F359992-0CFC-40E3-9A58-24BDAF05D43C}.Debug|Any CPU.ActiveCfg = Debug|Any CPU
		{6F359992-0CFC-40E3-9A58-24BDAF05D43C}.Debug|Any CPU.Build.0 = Debug|Any CPU
		{6F359992-0CFC-40E3-9A58-24BDAF05D43C}.Debug|x64.ActiveCfg = Debug|Any CPU
		{6F359992-0CFC-40E3-9A58-24BDAF05D43C}.Debug|x64.Build.0 = Debug|Any CPU
		{6F359992-0CFC-40E3-9A58-24BDAF05D43C}.Debug|x86.ActiveCfg = Debug|Any CPU
		{6F359992-0CFC-40E3-9A58-24BDAF05D43C}.Debug|x86.Build.0 = Debug|Any CPU
		{6F359992-0CFC-40E3-9A58-24BDAF05D43C}.Release|Any CPU.ActiveCfg = Release|Any CPU
		{6F359992-0CFC-40E3-9A58-24BDAF05D43C}.Release|Any CPU.Build.0 = Release|Any CPU
		{6F359992-0CFC-40E3-9A58-24BDAF05D43C}.Release|x64.ActiveCfg = Release|Any CPU
		{6F359992-0CFC-40E3-9A58-24BDAF05D43C}.Release|x64.Build.0 = Release|Any CPU
		{6F359992-0CFC-40E3-9A58-24BDAF05D43C}.Release|x86.ActiveCfg = Release|Any CPU
		{6F359992-0CFC-40E3-9A58-24BDAF05D43C}.Release|x86.Build.0 = Release|Any CPU
		{CE4760C9-068C-8DBE-4933-3A3862D87EC3}.Debug|Any CPU.ActiveCfg = Debug|Any CPU
		{CE4760C9-068C-8DBE-4933-3A3862D87EC3}.Debug|Any CPU.Build.0 = Debug|Any CPU
		{CE4760C9-068C-8DBE-4933-3A3862D87EC3}.Debug|x64.ActiveCfg = Debug|Any CPU
		{CE4760C9-068C-8DBE-4933-3A3862D87EC3}.Debug|x64.Build.0 = Debug|Any CPU
		{CE4760C9-068C-8DBE-4933-3A3862D87EC3}.Debug|x86.ActiveCfg = Debug|Any CPU
		{CE4760C9-068C-8DBE-4933-3A3862D87EC3}.Debug|x86.Build.0 = Debug|Any CPU
		{CE4760C9-068C-8DBE-4933-3A3862D87EC3}.Release|Any CPU.ActiveCfg = Release|Any CPU
		{CE4760C9-068C-8DBE-4933-3A3862D87EC3}.Release|Any CPU.Build.0 = Release|Any CPU
		{CE4760C9-068C-8DBE-4933-3A3862D87EC3}.Release|x64.ActiveCfg = Release|Any CPU
		{CE4760C9-068C-8DBE-4933-3A3862D87EC3}.Release|x64.Build.0 = Release|Any CPU
		{CE4760C9-068C-8DBE-4933-3A3862D87EC3}.Release|x86.ActiveCfg = Release|Any CPU
		{CE4760C9-068C-8DBE-4933-3A3862D87EC3}.Release|x86.Build.0 = Release|Any CPU
	EndGlobalSection
	GlobalSection(SolutionProperties) = preSolution
		HideSolutionNode = FALSE
	EndGlobalSection
	GlobalSection(NestedProjects) = preSolution
		{02F3950F-597A-474F-B443-1E841780975A} = {827E0CD3-B72D-47B6-A68D-7590B98EB39B}
		{2FE93491-111D-4637-A56B-251EBCFACB63} = {827E0CD3-B72D-47B6-A68D-7590B98EB39B}
		{B4BCB6D7-B12B-49D0-9164-FDA4EE00879A} = {827E0CD3-B72D-47B6-A68D-7590B98EB39B}
		{2F015BAB-B3AD-8B20-3A36-4BF89B3603F4} = {827E0CD3-B72D-47B6-A68D-7590B98EB39B}
		{D8B0D605-177F-ADD6-425D-5D01CD9AAC20} = {827E0CD3-B72D-47B6-A68D-7590B98EB39B}
		{6F359992-0CFC-40E3-9A58-24BDAF05D43C} = {827E0CD3-B72D-47B6-A68D-7590B98EB39B}
		{CE4760C9-068C-8DBE-4933-3A3862D87EC3} = {02EA681E-C7D8-13C7-8484-4AC65E1B71E8}
	EndGlobalSection
	GlobalSection(ExtensibilityGlobals) = postSolution
		SolutionGuid = {0FFB61F1-B51F-4083-A820-6BAE7122E9FC}
	EndGlobalSection
EndGlobal
